{
  "name": "hobby-saas-api-acceptance",
  "lockfileVersion": 3,
  "requires": true,
  "packages": {
    "": {
      "name": "hobby-saas-api-acceptance",
      "devDependencies": {
        "postman-cli": "1.43.0"
      }
    },
    "node_modules/@postman/pm-bin-linux-arm64": {
      "version": "1.43.0",
      "resolved": "https://registry.npmjs.org/@postman/pm-bin-linux-arm64/-/pm-bin-linux-arm64-1.43.0.tgz",
      "integrity": "sha512-yx1ZV/ukywc8NfrDd5yQ2EoxFA1MPKrocClsUL3XVTz3k+jek+xxYJuXEg7yeVhQTQNrObfnGFpZVOjq0lWk3A==",
      "cpu": [
        "arm64"
      ],
      "dev": true,
      "optional": true,
      "os": [
        "linux"
      ]
    },
    "node_modules/@postman/pm-bin-linux-x64": {
      "version": "1.43.0",
      "resolved": "https://registry.npmjs.org/@postman/pm-bin-linux-x64/-/pm-bin-linux-x64-1.43.0.tgz",
      "integrity": "sha512-5Pm2bSpz9OpXVFeKh6nAkQ+PBG5BpEYAQzM/zvazlJBnznFrqSkcRvBLSIu2cTtyFfT5S54rg3tho3+kgNgoPA==",
      "cpu": [
        "x64"
      ],
      "dev": true,
      "optional": true,
      "os": [
        "linux"
      ]
    },
    "node_modules/@postman/pm-bin-macos-arm64": {
      "version": "1.43.0",
      "resolved": "https://registry.npmjs.org/@postman/pm-bin-macos-arm64/-/pm-bin-macos-arm64-1.43.0.tgz",
      "integrity": "sha512-2wERe45H5AK52WDyYQRCk5ShcIntdLngDbPMlUTKrGqZZKI64XlgIQEup0+7ad3bOvOPBl67+rlOZkPLywT9yA==",
      "cpu": [
        "arm64"
      ],
      "dev": true,
      "optional": true,
      "os": [
        "darwin"
      ]
    },
    "node_modules/@postman/pm-bin-macos-x64": {
      "version": "1.43.0",
      "resolved": "https://registry.npmjs.org/@postman/pm-bin-macos-x64/-/pm-bin-macos-x64-1.43.0.tgz",
      "integrity": "sha512-GoHe3rkVvvP11uU/3UjbC4tWmG3Vv5xt8XOURmHqIU4N32H+fOmv+Y3wIj5d2wVAaKEWuS5KLsscgJt8chkwig==",
      "cpu": [
        "x64"
      ],
      "dev": true,
      "optional": true,
      "os": [
        "darwin"
      ]
    },
    "node_modules/@postman/pm-bin-windows-x64": {
      "version": "1.43.0",
      "resolved": "https://registry.npmjs.org/@postman/pm-bin-windows-x64/-/pm-bin-windows-x64-1.43.0.tgz",
      "integrity": "sha512-F7wXqOCjHY/8B7D2qpFERzcBZb/05O87pIIEnqsJGisglwOrB2yc5YvPfR/Yb0j9GZo6Qv5Plq3Xu2XiQGsrWA==",
      "cpu": [
        "x64"
      ],
      "dev": true,
      "optional": true,
      "os": [
        "win32"
      ]
    },
    "node_modules/postman-cli": {
      "version": "1.43.0",
      "resolved": "https://registry.npmjs.org/postman-cli/-/postman-cli-1.43.0.tgz",
      "integrity": "sha512-IbqdOdcfce9PZ8bJ90vmALgCrixd5VzLurhNL53VDJl4jAGZvIKb5hwfkh0yqynhQLxYDjD/R9DMpTPxXSQudg==",
      "dev": true,
      "bin": {
        "postman": "bin/postman.js"
      },
      "optionalDependencies": {
        "@postman/pm-bin-linux-arm64": "1.43.0",
        "@postman/pm-bin-linux-x64": "1.43.0",
        "@postman/pm-bin-macos-arm64": "1.43.0",
        "@postman/pm-bin-macos-x64": "1.43.0",
        "@postman/pm-bin-windows-x64": "1.43.0"
      }
    }
  }
}
